// !$*UTF8*$!
{
	archiveVersion = 1;
	classes = {
	};
	objectVersion = 50;
	objects = {

/* Begin PBXBuildFile section */
		0B0883872190B86F000ECEAA /* IntroOutroVC.swift in Sources */ = {isa = PBXBuildFile; fileRef = 0B0883862190B86F000ECEAA /* IntroOutroVC.swift */; };
		0B0883892190C059000ECEAA /* OfflineBonusVC.swift in Sources */ = {isa = PBXBuildFile; fileRef = 0B0883882190C059000ECEAA /* OfflineBonusVC.swift */; };
		0B08838B2190C393000ECEAA /* StatsVC.swift in Sources */ = {isa = PBXBuildFile; fileRef = 0B08838A2190C393000ECEAA /* StatsVC.swift */; };
		0B08838D219138BA000ECEAA /* shopNoise.wav in Resources */ = {isa = PBXBuildFile; fileRef = 0B08838C219138BA000ECEAA /* shopNoise.wav */; };
		0B0B145E21CAA6C5000ED275 /* prestige.wav in Resources */ = {isa = PBXBuildFile; fileRef = 0B0B145D21CAA6C4000ED275 /* prestige.wav */; };
		0B0B146221CAFC96000ED275 /* SettingsVC.swift in Sources */ = {isa = PBXBuildFile; fileRef = 0B0B146121CAFC96000ED275 /* SettingsVC.swift */; };
		0B0B146421CB0955000ED275 /* loot.wav in Resources */ = {isa = PBXBuildFile; fileRef = 0B0B146321CB0954000ED275 /* loot.wav */; };
		0B0C272B21E7CAC90080164A /* soundeffect.mp3 in Resources */ = {isa = PBXBuildFile; fileRef = 0B0C272A21E7CAC90080164A /* soundeffect.mp3 */; };
		0B3251CF22298DE500E9F781 /* piratesmusic.wav in Resources */ = {isa = PBXBuildFile; fileRef = 0B3251CE22298DE500E9F781 /* piratesmusic.wav */; };
		0B3251D3222EEB6C00E9F781 /* ContainerVC.swift in Sources */ = {isa = PBXBuildFile; fileRef = 0B3251D2222EEB6C00E9F781 /* ContainerVC.swift */; };
		0B38C1862231AB9F00F76ABC /* LocationVC.swift in Sources */ = {isa = PBXBuildFile; fileRef = 0B38C1852231AB9F00F76ABC /* LocationVC.swift */; };
		0B38C1882231ABD200F76ABC /* LocationCell.swift in Sources */ = {isa = PBXBuildFile; fileRef = 0B38C1872231ABD200F76ABC /* LocationCell.swift */; };
		0B38C18E2237044C00F76ABC /* NewPirateCell.swift in Sources */ = {isa = PBXBuildFile; fileRef = 0B38C18D2237044C00F76ABC /* NewPirateCell.swift */; };
		0B5DDCD221E58E140015A483 /* TreasureCollectionVC.swift in Sources */ = {isa = PBXBuildFile; fileRef = 0B5DDCD121E58E140015A483 /* TreasureCollectionVC.swift */; };
		0B5DDCD421E66D8C0015A483 /* TreasureCell.swift in Sources */ = {isa = PBXBuildFile; fileRef = 0B5DDCD321E66D8C0015A483 /* TreasureCell.swift */; };
		0B6A4A6A2177B6B500495663 /* AppDelegate.swift in Sources */ = {isa = PBXBuildFile; fileRef = 0B6A4A692177B6B500495663 /* AppDelegate.swift */; };
		0B6A4A6C2177B6B500495663 /* MainVC.swift in Sources */ = {isa = PBXBuildFile; fileRef = 0B6A4A6B2177B6B500495663 /* MainVC.swift */; };
		0B6A4A6F2177B6B500495663 /* Main.storyboard in Resources */ = {isa = PBXBuildFile; fileRef = 0B6A4A6D2177B6B500495663 /* Main.storyboard */; };
		0B6A4A722177B6B500495663 /* piratesApp.xcdatamodeld in Sources */ = {isa = PBXBuildFile; fileRef = 0B6A4A702177B6B500495663 /* piratesApp.xcdatamodeld */; };
		0B6A4A742177B6B600495663 /* Assets.xcassets in Resources */ = {isa = PBXBuildFile; fileRef = 0B6A4A732177B6B600495663 /* Assets.xcassets */; };
		0B6A4A772177B6B600495663 /* LaunchScreen.storyboard in Resources */ = {isa = PBXBuildFile; fileRef = 0B6A4A752177B6B600495663 /* LaunchScreen.storyboard */; };
		0B6A4A822177B6B600495663 /* piratesAppTests.swift in Sources */ = {isa = PBXBuildFile; fileRef = 0B6A4A812177B6B600495663 /* piratesAppTests.swift */; };
		0B6A4A8D2177B6B700495663 /* piratesAppUITests.swift in Sources */ = {isa = PBXBuildFile; fileRef = 0B6A4A8C2177B6B700495663 /* piratesAppUITests.swift */; };
		0B6A4A9E217BAF0500495663 /* PirateCell.swift in Sources */ = {isa = PBXBuildFile; fileRef = 0B6A4A9D217BAF0500495663 /* PirateCell.swift */; };
		0B78C3DB2180F2AC00D628FB /* JOLLR___.TTF in Resources */ = {isa = PBXBuildFile; fileRef = 0B78C3DA2180F29100D628FB /* JOLLR___.TTF */; };
		0B78C3DD2180F51C00D628FB /* PiratesWriters.ttf in Resources */ = {isa = PBXBuildFile; fileRef = 0B78C3DC2180F51800D628FB /* PiratesWriters.ttf */; };
		0B78C3E12181365300D628FB /* pr3.wav in Resources */ = {isa = PBXBuildFile; fileRef = 0B78C3E02181365300D628FB /* pr3.wav */; };
		0B78C3E321820B7300D628FB /* ahoy.wav in Resources */ = {isa = PBXBuildFile; fileRef = 0B78C3E221820B7300D628FB /* ahoy.wav */; };
		0B78C3E521826A8C00D628FB /* purchase.wav in Resources */ = {isa = PBXBuildFile; fileRef = 0B78C3E421826A8B00D628FB /* purchase.wav */; };
		0B78C3E72187A18A00D628FB /* GoogleService-Info.plist in Resources */ = {isa = PBXBuildFile; fileRef = 0B78C3E62187A18A00D628FB /* GoogleService-Info.plist */; };
		0B82C7C821924F4A002FEABD /* pop.wav in Resources */ = {isa = PBXBuildFile; fileRef = 0B82C7C721924F4A002FEABD /* pop.wav */; };
		0B9C763321DFDC9900DF31A2 /* StoreKit.framework in Frameworks */ = {isa = PBXBuildFile; fileRef = 0B9C763221DFDC9900DF31A2 /* StoreKit.framework */; };
		0B9C763521DFDECB00DF31A2 /* InAppPurchases.swift in Sources */ = {isa = PBXBuildFile; fileRef = 0B9C763421DFDECB00DF31A2 /* InAppPurchases.swift */; };
		0B9C763721DFDFF700DF31A2 /* InAppPurchaseService.swift in Sources */ = {isa = PBXBuildFile; fileRef = 0B9C763621DFDFF700DF31A2 /* InAppPurchaseService.swift */; };
		0BAD0EF021E3BB1A0078DC9E /* DashboardVC.swift in Sources */ = {isa = PBXBuildFile; fileRef = 0BAD0EEF21E3BB1A0078DC9E /* DashboardVC.swift */; };
		0BE36D6521E6A53A007A67C7 /* MarketVC.swift in Sources */ = {isa = PBXBuildFile; fileRef = 0BE36D6421E6A53A007A67C7 /* MarketVC.swift */; };
		0BF1828721DE80E500D80930 /* StoreCell.swift in Sources */ = {isa = PBXBuildFile; fileRef = 0BF1828621DE80E500D80930 /* StoreCell.swift */; };
		616D6631FECA1AE6BFB7C26D /* Pods_piratesApp.framework in Frameworks */ = {isa = PBXBuildFile; fileRef = 836271208CF8FCF0D8DF9160 /* Pods_piratesApp.framework */; };
		A797B97C002785BC72F2DFD2 /* Pods_piratesAppTests.framework in Frameworks */ = {isa = PBXBuildFile; fileRef = 1FF4F632F77AB1CE59392C73 /* Pods_piratesAppTests.framework */; };
		C6B21E896365C1595647FCC1 /* Pods_piratesAppUITests.framework in Frameworks */ = {isa = PBXBuildFile; fileRef = E44A5E8313631BD2B7262985 /* Pods_piratesAppUITests.framework */; };
/* End PBXBuildFile section */

/* Begin PBXContainerItemProxy section */
		0B6A4A7E2177B6B600495663 /* PBXContainerItemProxy */ = {
			isa = PBXContainerItemProxy;
			containerPortal = 0B6A4A5E2177B6B400495663 /* Project object */;
			proxyType = 1;
			remoteGlobalIDString = 0B6A4A652177B6B400495663;
			remoteInfo = piratesApp;
		};
		0B6A4A892177B6B700495663 /* PBXContainerItemProxy */ = {
			isa = PBXContainerItemProxy;
			containerPortal = 0B6A4A5E2177B6B400495663 /* Project object */;
			proxyType = 1;
			remoteGlobalIDString = 0B6A4A652177B6B400495663;
			remoteInfo = piratesApp;
		};
/* End PBXContainerItemProxy section */

/* Begin PBXFileReference section */
		0B0883862190B86F000ECEAA /* IntroOutroVC.swift */ = {isa = PBXFileReference; lastKnownFileType = sourcecode.swift; path = IntroOutroVC.swift; sourceTree = "<group>"; };
		0B0883882190C059000ECEAA /* OfflineBonusVC.swift */ = {isa = PBXFileReference; lastKnownFileType = sourcecode.swift; path = OfflineBonusVC.swift; sourceTree = "<group>"; };
		0B08838A2190C393000ECEAA /* StatsVC.swift */ = {isa = PBXFileReference; lastKnownFileType = sourcecode.swift; path = StatsVC.swift; sourceTree = "<group>"; };
		0B08838C219138BA000ECEAA /* shopNoise.wav */ = {isa = PBXFileReference; lastKnownFileType = audio.wav; path = shopNoise.wav; sourceTree = "<group>"; };
		0B0B145D21CAA6C4000ED275 /* prestige.wav */ = {isa = PBXFileReference; lastKnownFileType = audio.wav; path = prestige.wav; sourceTree = "<group>"; };
		0B0B146121CAFC96000ED275 /* SettingsVC.swift */ = {isa = PBXFileReference; lastKnownFileType = sourcecode.swift; path = SettingsVC.swift; sourceTree = "<group>"; };
		0B0B146321CB0954000ED275 /* loot.wav */ = {isa = PBXFileReference; lastKnownFileType = audio.wav; path = loot.wav; sourceTree = "<group>"; };
		0B0C272A21E7CAC90080164A /* soundeffect.mp3 */ = {isa = PBXFileReference; lastKnownFileType = audio.mp3; path = soundeffect.mp3; sourceTree = "<group>"; };
		0B3251CE22298DE500E9F781 /* piratesmusic.wav */ = {isa = PBXFileReference; lastKnownFileType = audio.wav; path = piratesmusic.wav; sourceTree = "<group>"; };
		0B3251D2222EEB6C00E9F781 /* ContainerVC.swift */ = {isa = PBXFileReference; lastKnownFileType = sourcecode.swift; path = ContainerVC.swift; sourceTree = "<group>"; };
		0B38C1852231AB9F00F76ABC /* LocationVC.swift */ = {isa = PBXFileReference; lastKnownFileType = sourcecode.swift; path = LocationVC.swift; sourceTree = "<group>"; };
		0B38C1872231ABD200F76ABC /* LocationCell.swift */ = {isa = PBXFileReference; lastKnownFileType = sourcecode.swift; path = LocationCell.swift; sourceTree = "<group>"; };
		0B38C18D2237044C00F76ABC /* NewPirateCell.swift */ = {isa = PBXFileReference; lastKnownFileType = sourcecode.swift; path = NewPirateCell.swift; sourceTree = "<group>"; };
		0B5DDCD121E58E140015A483 /* TreasureCollectionVC.swift */ = {isa = PBXFileReference; lastKnownFileType = sourcecode.swift; path = TreasureCollectionVC.swift; sourceTree = "<group>"; };
		0B5DDCD321E66D8C0015A483 /* TreasureCell.swift */ = {isa = PBXFileReference; lastKnownFileType = sourcecode.swift; path = TreasureCell.swift; sourceTree = "<group>"; };
		0B6A4A662177B6B400495663 /* piratesApp.app */ = {isa = PBXFileReference; explicitFileType = wrapper.application; includeInIndex = 0; path = piratesApp.app; sourceTree = BUILT_PRODUCTS_DIR; };
		0B6A4A692177B6B500495663 /* AppDelegate.swift */ = {isa = PBXFileReference; lastKnownFileType = sourcecode.swift; path = AppDelegate.swift; sourceTree = "<group>"; };
		0B6A4A6B2177B6B500495663 /* MainVC.swift */ = {isa = PBXFileReference; lastKnownFileType = sourcecode.swift; path = MainVC.swift; sourceTree = "<group>"; };
		0B6A4A6E2177B6B500495663 /* Base */ = {isa = PBXFileReference; lastKnownFileType = file.storyboard; name = Base; path = Base.lproj/Main.storyboard; sourceTree = "<group>"; };
		0B6A4A712177B6B500495663 /* piratesApp.xcdatamodel */ = {isa = PBXFileReference; lastKnownFileType = wrapper.xcdatamodel; path = piratesApp.xcdatamodel; sourceTree = "<group>"; };
		0B6A4A732177B6B600495663 /* Assets.xcassets */ = {isa = PBXFileReference; lastKnownFileType = folder.assetcatalog; path = Assets.xcassets; sourceTree = "<group>"; };
		0B6A4A762177B6B600495663 /* Base */ = {isa = PBXFileReference; lastKnownFileType = file.storyboard; name = Base; path = Base.lproj/LaunchScreen.storyboard; sourceTree = "<group>"; };
		0B6A4A782177B6B600495663 /* Info.plist */ = {isa = PBXFileReference; lastKnownFileType = text.plist.xml; path = Info.plist; sourceTree = "<group>"; };
		0B6A4A7D2177B6B600495663 /* piratesAppTests.xctest */ = {isa = PBXFileReference; explicitFileType = wrapper.cfbundle; includeInIndex = 0; path = piratesAppTests.xctest; sourceTree = BUILT_PRODUCTS_DIR; };
		0B6A4A812177B6B600495663 /* piratesAppTests.swift */ = {isa = PBXFileReference; lastKnownFileType = sourcecode.swift; path = piratesAppTests.swift; sourceTree = "<group>"; };
		0B6A4A832177B6B600495663 /* Info.plist */ = {isa = PBXFileReference; lastKnownFileType = text.plist.xml; path = Info.plist; sourceTree = "<group>"; };
		0B6A4A882177B6B700495663 /* piratesAppUITests.xctest */ = {isa = PBXFileReference; explicitFileType = wrapper.cfbundle; includeInIndex = 0; path = piratesAppUITests.xctest; sourceTree = BUILT_PRODUCTS_DIR; };
		0B6A4A8C2177B6B700495663 /* piratesAppUITests.swift */ = {isa = PBXFileReference; lastKnownFileType = sourcecode.swift; path = piratesAppUITests.swift; sourceTree = "<group>"; };
		0B6A4A8E2177B6B700495663 /* Info.plist */ = {isa = PBXFileReference; lastKnownFileType = text.plist.xml; path = Info.plist; sourceTree = "<group>"; };
		0B6A4A9D217BAF0500495663 /* PirateCell.swift */ = {isa = PBXFileReference; lastKnownFileType = sourcecode.swift; path = PirateCell.swift; sourceTree = "<group>"; };
		0B78C3DA2180F29100D628FB /* JOLLR___.TTF */ = {isa = PBXFileReference; lastKnownFileType = file; path = "JOLLR___.TTF"; sourceTree = "<group>"; };
		0B78C3DC2180F51800D628FB /* PiratesWriters.ttf */ = {isa = PBXFileReference; lastKnownFileType = file; path = PiratesWriters.ttf; sourceTree = "<group>"; };
		0B78C3E02181365300D628FB /* pr3.wav */ = {isa = PBXFileReference; lastKnownFileType = audio.wav; path = pr3.wav; sourceTree = "<group>"; };
		0B78C3E221820B7300D628FB /* ahoy.wav */ = {isa = PBXFileReference; lastKnownFileType = audio.wav; path = ahoy.wav; sourceTree = "<group>"; };
		0B78C3E421826A8B00D628FB /* purchase.wav */ = {isa = PBXFileReference; lastKnownFileType = audio.wav; path = purchase.wav; sourceTree = "<group>"; };
		0B78C3E62187A18A00D628FB /* GoogleService-Info.plist */ = {isa = PBXFileReference; fileEncoding = 4; lastKnownFileType = text.plist.xml; path = "GoogleService-Info.plist"; sourceTree = "<group>"; };
		0B82C7C721924F4A002FEABD /* pop.wav */ = {isa = PBXFileReference; lastKnownFileType = audio.wav; path = pop.wav; sourceTree = "<group>"; };
		0B9C763221DFDC9900DF31A2 /* StoreKit.framework */ = {isa = PBXFileReference; lastKnownFileType = wrapper.framework; name = StoreKit.framework; path = System/Library/Frameworks/StoreKit.framework; sourceTree = SDKROOT; };
		0B9C763421DFDECB00DF31A2 /* InAppPurchases.swift */ = {isa = PBXFileReference; lastKnownFileType = sourcecode.swift; path = InAppPurchases.swift; sourceTree = "<group>"; };
		0B9C763621DFDFF700DF31A2 /* InAppPurchaseService.swift */ = {isa = PBXFileReference; lastKnownFileType = sourcecode.swift; path = InAppPurchaseService.swift; sourceTree = "<group>"; };
		0BAD0EEF21E3BB1A0078DC9E /* DashboardVC.swift */ = {isa = PBXFileReference; lastKnownFileType = sourcecode.swift; path = DashboardVC.swift; sourceTree = "<group>"; };
		0BE36D6421E6A53A007A67C7 /* MarketVC.swift */ = {isa = PBXFileReference; lastKnownFileType = sourcecode.swift; path = MarketVC.swift; sourceTree = "<group>"; };
		0BF1828621DE80E500D80930 /* StoreCell.swift */ = {isa = PBXFileReference; lastKnownFileType = sourcecode.swift; path = StoreCell.swift; sourceTree = "<group>"; };
		1FF4F632F77AB1CE59392C73 /* Pods_piratesAppTests.framework */ = {isa = PBXFileReference; explicitFileType = wrapper.framework; includeInIndex = 0; path = Pods_piratesAppTests.framework; sourceTree = BUILT_PRODUCTS_DIR; };
		2C098F674FEDDB7F893D64E7 /* Pods-piratesAppTests.debug.xcconfig */ = {isa = PBXFileReference; includeInIndex = 1; lastKnownFileType = text.xcconfig; name = "Pods-piratesAppTests.debug.xcconfig"; path = "Pods/Target Support Files/Pods-piratesAppTests/Pods-piratesAppTests.debug.xcconfig"; sourceTree = "<group>"; };
		5A8E74F24664786BCBFC1FF6 /* Pods-piratesApp.debug.xcconfig */ = {isa = PBXFileReference; includeInIndex = 1; lastKnownFileType = text.xcconfig; name = "Pods-piratesApp.debug.xcconfig"; path = "Pods/Target Support Files/Pods-piratesApp/Pods-piratesApp.debug.xcconfig"; sourceTree = "<group>"; };
		6752F1F2B08931C62378F381 /* Pods-piratesAppUITests.debug.xcconfig */ = {isa = PBXFileReference; includeInIndex = 1; lastKnownFileType = text.xcconfig; name = "Pods-piratesAppUITests.debug.xcconfig"; path = "Pods/Target Support Files/Pods-piratesAppUITests/Pods-piratesAppUITests.debug.xcconfig"; sourceTree = "<group>"; };
		6844F7D98D4EBD60E4E48A14 /* Pods-piratesApp.release.xcconfig */ = {isa = PBXFileReference; includeInIndex = 1; lastKnownFileType = text.xcconfig; name = "Pods-piratesApp.release.xcconfig"; path = "Pods/Target Support Files/Pods-piratesApp/Pods-piratesApp.release.xcconfig"; sourceTree = "<group>"; };
		6FB0F4FBB631CB569930C14B /* Pods-piratesAppTests.release.xcconfig */ = {isa = PBXFileReference; includeInIndex = 1; lastKnownFileType = text.xcconfig; name = "Pods-piratesAppTests.release.xcconfig"; path = "Pods/Target Support Files/Pods-piratesAppTests/Pods-piratesAppTests.release.xcconfig"; sourceTree = "<group>"; };
		836271208CF8FCF0D8DF9160 /* Pods_piratesApp.framework */ = {isa = PBXFileReference; explicitFileType = wrapper.framework; includeInIndex = 0; path = Pods_piratesApp.framework; sourceTree = BUILT_PRODUCTS_DIR; };
		D69D0226D80E3918E8307A3A /* Pods-piratesAppUITests.release.xcconfig */ = {isa = PBXFileReference; includeInIndex = 1; lastKnownFileType = text.xcconfig; name = "Pods-piratesAppUITests.release.xcconfig"; path = "Pods/Target Support Files/Pods-piratesAppUITests/Pods-piratesAppUITests.release.xcconfig"; sourceTree = "<group>"; };
		E44A5E8313631BD2B7262985 /* Pods_piratesAppUITests.framework */ = {isa = PBXFileReference; explicitFileType = wrapper.framework; includeInIndex = 0; path = Pods_piratesAppUITests.framework; sourceTree = BUILT_PRODUCTS_DIR; };
/* End PBXFileReference section */

/* Begin PBXFrameworksBuildPhase section */
		0B6A4A632177B6B400495663 /* Frameworks */ = {
			isa = PBXFrameworksBuildPhase;
			buildActionMask = 2147483647;
			files = (
				616D6631FECA1AE6BFB7C26D /* Pods_piratesApp.framework in Frameworks */,
				0B9C763321DFDC9900DF31A2 /* StoreKit.framework in Frameworks */,
			);
			runOnlyForDeploymentPostprocessing = 0;
		};
		0B6A4A7A2177B6B600495663 /* Frameworks */ = {
			isa = PBXFrameworksBuildPhase;
			buildActionMask = 2147483647;
			files = (
				A797B97C002785BC72F2DFD2 /* Pods_piratesAppTests.framework in Frameworks */,
			);
			runOnlyForDeploymentPostprocessing = 0;
		};
		0B6A4A852177B6B700495663 /* Frameworks */ = {
			isa = PBXFrameworksBuildPhase;
			buildActionMask = 2147483647;
			files = (
				C6B21E896365C1595647FCC1 /* Pods_piratesAppUITests.framework in Frameworks */,
			);
			runOnlyForDeploymentPostprocessing = 0;
		};
/* End PBXFrameworksBuildPhase section */

/* Begin PBXGroup section */
		0B6A4A5D2177B6B400495663 = {
			isa = PBXGroup;
			children = (
				0B6A4A682177B6B500495663 /* piratesApp */,
				0B6A4A802177B6B600495663 /* piratesAppTests */,
				0B6A4A8B2177B6B700495663 /* piratesAppUITests */,
				0B6A4A672177B6B400495663 /* Products */,
				3EC91113D40E0B13363A6E26 /* Pods */,
				83C34E22E5205CD7E2767B30 /* Frameworks */,
			);
			sourceTree = "<group>";
		};
		0B6A4A672177B6B400495663 /* Products */ = {
			isa = PBXGroup;
			children = (
				0B6A4A662177B6B400495663 /* piratesApp.app */,
				0B6A4A7D2177B6B600495663 /* piratesAppTests.xctest */,
				0B6A4A882177B6B700495663 /* piratesAppUITests.xctest */,
			);
			name = Products;
			sourceTree = "<group>";
		};
		0B6A4A682177B6B500495663 /* piratesApp */ = {
			isa = PBXGroup;
			children = (
				0B78C3E62187A18A00D628FB /* GoogleService-Info.plist */,
				0B08838C219138BA000ECEAA /* shopNoise.wav */,
				0B78C3E421826A8B00D628FB /* purchase.wav */,
				0B0C272A21E7CAC90080164A /* soundeffect.mp3 */,
				0B0B145D21CAA6C4000ED275 /* prestige.wav */,
				0B0B146321CB0954000ED275 /* loot.wav */,
				0B78C3E221820B7300D628FB /* ahoy.wav */,
				0B82C7C721924F4A002FEABD /* pop.wav */,
				0B78C3E02181365300D628FB /* pr3.wav */,
				0B3251CE22298DE500E9F781 /* piratesmusic.wav */,
				0B78C3D92180F27300D628FB /* Fonts */,
				0B6A4A9C2177B7D800495663 /* Model */,
				0B6A4A9B2177B7CC00495663 /* View */,
				0B6A4A9A2177B7C300495663 /* Controller */,
				0B6A4A692177B6B500495663 /* AppDelegate.swift */,
				0B6A4A6D2177B6B500495663 /* Main.storyboard */,
				0B6A4A732177B6B600495663 /* Assets.xcassets */,
				0B6A4A752177B6B600495663 /* LaunchScreen.storyboard */,
				0B6A4A782177B6B600495663 /* Info.plist */,
				0B6A4A702177B6B500495663 /* piratesApp.xcdatamodeld */,
				0B9C763421DFDECB00DF31A2 /* InAppPurchases.swift */,
				0B9C763621DFDFF700DF31A2 /* InAppPurchaseService.swift */,
			);
			path = piratesApp;
			sourceTree = "<group>";
		};
		0B6A4A802177B6B600495663 /* piratesAppTests */ = {
			isa = PBXGroup;
			children = (
				0B6A4A812177B6B600495663 /* piratesAppTests.swift */,
				0B6A4A832177B6B600495663 /* Info.plist */,
			);
			path = piratesAppTests;
			sourceTree = "<group>";
		};
		0B6A4A8B2177B6B700495663 /* piratesAppUITests */ = {
			isa = PBXGroup;
			children = (
				0B6A4A8C2177B6B700495663 /* piratesAppUITests.swift */,
				0B6A4A8E2177B6B700495663 /* Info.plist */,
			);
			path = piratesAppUITests;
			sourceTree = "<group>";
		};
		0B6A4A9A2177B7C300495663 /* Controller */ = {
			isa = PBXGroup;
			children = (
				0B6A4A6B2177B6B500495663 /* MainVC.swift */,
				0B0883862190B86F000ECEAA /* IntroOutroVC.swift */,
				0B0883882190C059000ECEAA /* OfflineBonusVC.swift */,
				0B08838A2190C393000ECEAA /* StatsVC.swift */,
				0B0B146121CAFC96000ED275 /* SettingsVC.swift */,
				0BAD0EEF21E3BB1A0078DC9E /* DashboardVC.swift */,
				0B5DDCD121E58E140015A483 /* TreasureCollectionVC.swift */,
				0BE36D6421E6A53A007A67C7 /* MarketVC.swift */,
				0B3251D2222EEB6C00E9F781 /* ContainerVC.swift */,
				0B38C1852231AB9F00F76ABC /* LocationVC.swift */,
			);
			path = Controller;
			sourceTree = "<group>";
		};
		0B6A4A9B2177B7CC00495663 /* View */ = {
			isa = PBXGroup;
			children = (
				0B6A4A9D217BAF0500495663 /* PirateCell.swift */,
				0BF1828621DE80E500D80930 /* StoreCell.swift */,
				0B5DDCD321E66D8C0015A483 /* TreasureCell.swift */,
				0B38C1872231ABD200F76ABC /* LocationCell.swift */,
				0B38C18D2237044C00F76ABC /* NewPirateCell.swift */,
			);
			path = View;
			sourceTree = "<group>";
		};
		0B6A4A9C2177B7D800495663 /* Model */ = {
			isa = PBXGroup;
			children = (
			);
			path = Model;
			sourceTree = "<group>";
		};
		0B78C3D92180F27300D628FB /* Fonts */ = {
			isa = PBXGroup;
			children = (
				0B78C3DC2180F51800D628FB /* PiratesWriters.ttf */,
				0B78C3DA2180F29100D628FB /* JOLLR___.TTF */,
			);
			path = Fonts;
			sourceTree = "<group>";
		};
		3EC91113D40E0B13363A6E26 /* Pods */ = {
			isa = PBXGroup;
			children = (
				5A8E74F24664786BCBFC1FF6 /* Pods-piratesApp.debug.xcconfig */,
				6844F7D98D4EBD60E4E48A14 /* Pods-piratesApp.release.xcconfig */,
				2C098F674FEDDB7F893D64E7 /* Pods-piratesAppTests.debug.xcconfig */,
				6FB0F4FBB631CB569930C14B /* Pods-piratesAppTests.release.xcconfig */,
				6752F1F2B08931C62378F381 /* Pods-piratesAppUITests.debug.xcconfig */,
				D69D0226D80E3918E8307A3A /* Pods-piratesAppUITests.release.xcconfig */,
			);
			name = Pods;
			sourceTree = "<group>";
		};
		83C34E22E5205CD7E2767B30 /* Frameworks */ = {
			isa = PBXGroup;
			children = (
				0B9C763221DFDC9900DF31A2 /* StoreKit.framework */,
				836271208CF8FCF0D8DF9160 /* Pods_piratesApp.framework */,
				1FF4F632F77AB1CE59392C73 /* Pods_piratesAppTests.framework */,
				E44A5E8313631BD2B7262985 /* Pods_piratesAppUITests.framework */,
			);
			name = Frameworks;
			sourceTree = "<group>";
		};
/* End PBXGroup section */

/* Begin PBXNativeTarget section */
		0B6A4A652177B6B400495663 /* piratesApp */ = {
			isa = PBXNativeTarget;
			buildConfigurationList = 0B6A4A912177B6B700495663 /* Build configuration list for PBXNativeTarget "piratesApp" */;
			buildPhases = (
				A4D1A8CB8C2FC9B3098DE7CE /* [CP] Check Pods Manifest.lock */,
				0B6A4A622177B6B400495663 /* Sources */,
				0B6A4A632177B6B400495663 /* Frameworks */,
				0B6A4A642177B6B400495663 /* Resources */,
				065C96B99C9A218EE9CA8C33 /* [CP] Embed Pods Frameworks */,
			);
			buildRules = (
			);
			dependencies = (
			);
			name = piratesApp;
			productName = piratesApp;
			productReference = 0B6A4A662177B6B400495663 /* piratesApp.app */;
			productType = "com.apple.product-type.application";
		};
		0B6A4A7C2177B6B600495663 /* piratesAppTests */ = {
			isa = PBXNativeTarget;
			buildConfigurationList = 0B6A4A942177B6B700495663 /* Build configuration list for PBXNativeTarget "piratesAppTests" */;
			buildPhases = (
				122D59BEE6B7097814BA2021 /* [CP] Check Pods Manifest.lock */,
				0B6A4A792177B6B600495663 /* Sources */,
				0B6A4A7A2177B6B600495663 /* Frameworks */,
				0B6A4A7B2177B6B600495663 /* Resources */,
			);
			buildRules = (
			);
			dependencies = (
				0B6A4A7F2177B6B600495663 /* PBXTargetDependency */,
			);
			name = piratesAppTests;
			productName = piratesAppTests;
			productReference = 0B6A4A7D2177B6B600495663 /* piratesAppTests.xctest */;
			productType = "com.apple.product-type.bundle.unit-test";
		};
		0B6A4A872177B6B700495663 /* piratesAppUITests */ = {
			isa = PBXNativeTarget;
			buildConfigurationList = 0B6A4A972177B6B700495663 /* Build configuration list for PBXNativeTarget "piratesAppUITests" */;
			buildPhases = (
				BB010EACEFC16D6503765CAA /* [CP] Check Pods Manifest.lock */,
				0B6A4A842177B6B700495663 /* Sources */,
				0B6A4A852177B6B700495663 /* Frameworks */,
				0B6A4A862177B6B700495663 /* Resources */,
			);
			buildRules = (
			);
			dependencies = (
				0B6A4A8A2177B6B700495663 /* PBXTargetDependency */,
			);
			name = piratesAppUITests;
			productName = piratesAppUITests;
			productReference = 0B6A4A882177B6B700495663 /* piratesAppUITests.xctest */;
			productType = "com.apple.product-type.bundle.ui-testing";
		};
/* End PBXNativeTarget section */

/* Begin PBXProject section */
		0B6A4A5E2177B6B400495663 /* Project object */ = {
			isa = PBXProject;
			attributes = {
				LastSwiftUpdateCheck = 1000;
				LastUpgradeCheck = 1000;
				ORGANIZATIONNAME = "Cody Condon";
				TargetAttributes = {
					0B6A4A652177B6B400495663 = {
						CreatedOnToolsVersion = 10.0;
						SystemCapabilities = {
							com.apple.InAppPurchase = {
								enabled = 1;
							};
						};
					};
					0B6A4A7C2177B6B600495663 = {
						CreatedOnToolsVersion = 10.0;
						TestTargetID = 0B6A4A652177B6B400495663;
					};
					0B6A4A872177B6B700495663 = {
						CreatedOnToolsVersion = 10.0;
						TestTargetID = 0B6A4A652177B6B400495663;
					};
				};
			};
			buildConfigurationList = 0B6A4A612177B6B400495663 /* Build configuration list for PBXProject "piratesApp" */;
			compatibilityVersion = "Xcode 9.3";
			developmentRegion = en;
			hasScannedForEncodings = 0;
			knownRegions = (
				en,
				Base,
			);
			mainGroup = 0B6A4A5D2177B6B400495663;
			productRefGroup = 0B6A4A672177B6B400495663 /* Products */;
			projectDirPath = "";
			projectRoot = "";
			targets = (
				0B6A4A652177B6B400495663 /* piratesApp */,
				0B6A4A7C2177B6B600495663 /* piratesAppTests */,
				0B6A4A872177B6B700495663 /* piratesAppUITests */,
			);
		};
/* End PBXProject section */

/* Begin PBXResourcesBuildPhase section */
		0B6A4A642177B6B400495663 /* Resources */ = {
			isa = PBXResourcesBuildPhase;
			buildActionMask = 2147483647;
			files = (
				0B78C3E12181365300D628FB /* pr3.wav in Resources */,
				0B0B145E21CAA6C5000ED275 /* prestige.wav in Resources */,
				0B78C3DD2180F51C00D628FB /* PiratesWriters.ttf in Resources */,
				0B78C3E521826A8C00D628FB /* purchase.wav in Resources */,
				0B0B146421CB0955000ED275 /* loot.wav in Resources */,
				0B3251CF22298DE500E9F781 /* piratesmusic.wav in Resources */,
				0B6A4A772177B6B600495663 /* LaunchScreen.storyboard in Resources */,
				0B0C272B21E7CAC90080164A /* soundeffect.mp3 in Resources */,
				0B6A4A742177B6B600495663 /* Assets.xcassets in Resources */,
				0B82C7C821924F4A002FEABD /* pop.wav in Resources */,
				0B78C3E321820B7300D628FB /* ahoy.wav in Resources */,
				0B08838D219138BA000ECEAA /* shopNoise.wav in Resources */,
				0B78C3E72187A18A00D628FB /* GoogleService-Info.plist in Resources */,
				0B78C3DB2180F2AC00D628FB /* JOLLR___.TTF in Resources */,
				0B6A4A6F2177B6B500495663 /* Main.storyboard in Resources */,
			);
			runOnlyForDeploymentPostprocessing = 0;
		};
		0B6A4A7B2177B6B600495663 /* Resources */ = {
			isa = PBXResourcesBuildPhase;
			buildActionMask = 2147483647;
			files = (
			);
			runOnlyForDeploymentPostprocessing = 0;
		};
		0B6A4A862177B6B700495663 /* Resources */ = {
			isa = PBXResourcesBuildPhase;
			buildActionMask = 2147483647;
			files = (
			);
			runOnlyForDeploymentPostprocessing = 0;
		};
/* End PBXResourcesBuildPhase section */

/* Begin PBXShellScriptBuildPhase section */
		065C96B99C9A218EE9CA8C33 /* [CP] Embed Pods Frameworks */ = {
			isa = PBXShellScriptBuildPhase;
			buildActionMask = 2147483647;
			files = (
			);
			inputFileListPaths = (
			);
			inputPaths = (
				"${SRCROOT}/Pods/Target Support Files/Pods-piratesApp/Pods-piratesApp-frameworks.sh",
				"${BUILT_PRODUCTS_DIR}/Bolts/Bolts.framework",
				"${BUILT_PRODUCTS_DIR}/FBSDKCoreKit/FBSDKCoreKit.framework",
				"${BUILT_PRODUCTS_DIR}/GoogleUtilities/GoogleUtilities.framework",
				"${BUILT_PRODUCTS_DIR}/Spring/Spring.framework",
				"${BUILT_PRODUCTS_DIR}/SwiftyStoreKit/SwiftyStoreKit.framework",
				"${BUILT_PRODUCTS_DIR}/nanopb/nanopb.framework",
			);
			name = "[CP] Embed Pods Frameworks";
			outputFileListPaths = (
			);
			outputPaths = (
				"${TARGET_BUILD_DIR}/${FRAMEWORKS_FOLDER_PATH}/Bolts.framework",
				"${TARGET_BUILD_DIR}/${FRAMEWORKS_FOLDER_PATH}/FBSDKCoreKit.framework",
				"${TARGET_BUILD_DIR}/${FRAMEWORKS_FOLDER_PATH}/GoogleUtilities.framework",
				"${TARGET_BUILD_DIR}/${FRAMEWORKS_FOLDER_PATH}/Spring.framework",
				"${TARGET_BUILD_DIR}/${FRAMEWORKS_FOLDER_PATH}/SwiftyStoreKit.framework",
				"${TARGET_BUILD_DIR}/${FRAMEWORKS_FOLDER_PATH}/nanopb.framework",
			);
			runOnlyForDeploymentPostprocessing = 0;
			shellPath = /bin/sh;
			shellScript = "\"${SRCROOT}/Pods/Target Support Files/Pods-piratesApp/Pods-piratesApp-frameworks.sh\"\n";
			showEnvVarsInLog = 0;
		};
		122D59BEE6B7097814BA2021 /* [CP] Check Pods Manifest.lock */ = {
			isa = PBXShellScriptBuildPhase;
			buildActionMask = 2147483647;
			files = (
			);
			inputFileListPaths = (
			);
			inputPaths = (
				"${PODS_PODFILE_DIR_PATH}/Podfile.lock",
				"${PODS_ROOT}/Manifest.lock",
			);
			name = "[CP] Check Pods Manifest.lock";
			outputFileListPaths = (
			);
			outputPaths = (
				"$(DERIVED_FILE_DIR)/Pods-piratesAppTests-checkManifestLockResult.txt",
			);
			runOnlyForDeploymentPostprocessing = 0;
			shellPath = /bin/sh;
			shellScript = "diff \"${PODS_PODFILE_DIR_PATH}/Podfile.lock\" \"${PODS_ROOT}/Manifest.lock\" > /dev/null\nif [ $? != 0 ] ; then\n    # print error to STDERR\n    echo \"error: The sandbox is not in sync with the Podfile.lock. Run 'pod install' or update your CocoaPods installation.\" >&2\n    exit 1\nfi\n# This output is used by Xcode 'outputs' to avoid re-running this script phase.\necho \"SUCCESS\" > \"${SCRIPT_OUTPUT_FILE_0}\"\n";
			showEnvVarsInLog = 0;
		};
		A4D1A8CB8C2FC9B3098DE7CE /* [CP] Check Pods Manifest.lock */ = {
			isa = PBXShellScriptBuildPhase;
			buildActionMask = 2147483647;
			files = (
			);
			inputFileListPaths = (
			);
			inputPaths = (
				"${PODS_PODFILE_DIR_PATH}/Podfile.lock",
				"${PODS_ROOT}/Manifest.lock",
			);
			name = "[CP] Check Pods Manifest.lock";
			outputFileListPaths = (
			);
			outputPaths = (
				"$(DERIVED_FILE_DIR)/Pods-piratesApp-checkManifestLockResult.txt",
			);
			runOnlyForDeploymentPostprocessing = 0;
			shellPath = /bin/sh;
			shellScript = "diff \"${PODS_PODFILE_DIR_PATH}/Podfile.lock\" \"${PODS_ROOT}/Manifest.lock\" > /dev/null\nif [ $? != 0 ] ; then\n    # print error to STDERR\n    echo \"error: The sandbox is not in sync with the Podfile.lock. Run 'pod install' or update your CocoaPods installation.\" >&2\n    exit 1\nfi\n# This output is used by Xcode 'outputs' to avoid re-running this script phase.\necho \"SUCCESS\" > \"${SCRIPT_OUTPUT_FILE_0}\"\n";
			showEnvVarsInLog = 0;
		};
		BB010EACEFC16D6503765CAA /* [CP] Check Pods Manifest.lock */ = {
			isa = PBXShellScriptBuildPhase;
			buildActionMask = 2147483647;
			files = (
			);
			inputFileListPaths = (
			);
			inputPaths = (
				"${PODS_PODFILE_DIR_PATH}/Podfile.lock",
				"${PODS_ROOT}/Manifest.lock",
			);
			name = "[CP] Check Pods Manifest.lock";
			outputFileListPaths = (
			);
			outputPaths = (
				"$(DERIVED_FILE_DIR)/Pods-piratesAppUITests-checkManifestLockResult.txt",
			);
			runOnlyForDeploymentPostprocessing = 0;
			shellPath = /bin/sh;
			shellScript = "diff \"${PODS_PODFILE_DIR_PATH}/Podfile.lock\" \"${PODS_ROOT}/Manifest.lock\" > /dev/null\nif [ $? != 0 ] ; then\n    # print error to STDERR\n    echo \"error: The sandbox is not in sync with the Podfile.lock. Run 'pod install' or update your CocoaPods installation.\" >&2\n    exit 1\nfi\n# This output is used by Xcode 'outputs' to avoid re-running this script phase.\necho \"SUCCESS\" > \"${SCRIPT_OUTPUT_FILE_0}\"\n";
			showEnvVarsInLog = 0;
		};
/* End PBXShellScriptBuildPhase section */

/* Begin PBXSourcesBuildPhase section */
		0B6A4A622177B6B400495663 /* Sources */ = {
			isa = PBXSourcesBuildPhase;
			buildActionMask = 2147483647;
			files = (
				0B5DDCD221E58E140015A483 /* TreasureCollectionVC.swift in Sources */,
				0B08838B2190C393000ECEAA /* StatsVC.swift in Sources */,
				0B9C763521DFDECB00DF31A2 /* InAppPurchases.swift in Sources */,
				0B6A4A9E217BAF0500495663 /* PirateCell.swift in Sources */,
				0B9C763721DFDFF700DF31A2 /* InAppPurchaseService.swift in Sources */,
				0B6A4A722177B6B500495663 /* piratesApp.xcdatamodeld in Sources */,
				0B6A4A6C2177B6B500495663 /* MainVC.swift in Sources */,
				0B5DDCD421E66D8C0015A483 /* TreasureCell.swift in Sources */,
				0B6A4A6A2177B6B500495663 /* AppDelegate.swift in Sources */,
				0B0883892190C059000ECEAA /* OfflineBonusVC.swift in Sources */,
				0BAD0EF021E3BB1A0078DC9E /* DashboardVC.swift in Sources */,
				0B38C1862231AB9F00F76ABC /* LocationVC.swift in Sources */,
				0B3251D3222EEB6C00E9F781 /* ContainerVC.swift in Sources */,
				0BE36D6521E6A53A007A67C7 /* MarketVC.swift in Sources */,
				0B38C1882231ABD200F76ABC /* LocationCell.swift in Sources */,
				0B0883872190B86F000ECEAA /* IntroOutroVC.swift in Sources */,
				0B38C18E2237044C00F76ABC /* NewPirateCell.swift in Sources */,
				0B0B146221CAFC96000ED275 /* SettingsVC.swift in Sources */,
				0BF1828721DE80E500D80930 /* StoreCell.swift in Sources */,
			);
			runOnlyForDeploymentPostprocessing = 0;
		};
		0B6A4A792177B6B600495663 /* Sources */ = {
			isa = PBXSourcesBuildPhase;
			buildActionMask = 2147483647;
			files = (
				0B6A4A822177B6B600495663 /* piratesAppTests.swift in Sources */,
			);
			runOnlyForDeploymentPostprocessing = 0;
		};
		0B6A4A842177B6B700495663 /* Sources */ = {
			isa = PBXSourcesBuildPhase;
			buildActionMask = 2147483647;
			files = (
				0B6A4A8D2177B6B700495663 /* piratesAppUITests.swift in Sources */,
			);
			runOnlyForDeploymentPostprocessing = 0;
		};
/* End PBXSourcesBuildPhase section */

/* Begin PBXTargetDependency section */
		0B6A4A7F2177B6B600495663 /* PBXTargetDependency */ = {
			isa = PBXTargetDependency;
			target = 0B6A4A652177B6B400495663 /* piratesApp */;
			targetProxy = 0B6A4A7E2177B6B600495663 /* PBXContainerItemProxy */;
		};
		0B6A4A8A2177B6B700495663 /* PBXTargetDependency */ = {
			isa = PBXTargetDependency;
			target = 0B6A4A652177B6B400495663 /* piratesApp */;
			targetProxy = 0B6A4A892177B6B700495663 /* PBXContainerItemProxy */;
		};
/* End PBXTargetDependency section */

/* Begin PBXVariantGroup section */
		0B6A4A6D2177B6B500495663 /* Main.storyboard */ = {
			isa = PBXVariantGroup;
			children = (
				0B6A4A6E2177B6B500495663 /* Base */,
			);
			name = Main.storyboard;
			sourceTree = "<group>";
		};
		0B6A4A752177B6B600495663 /* LaunchScreen.storyboard */ = {
			isa = PBXVariantGroup;
			children = (
				0B6A4A762177B6B600495663 /* Base */,
			);
			name = LaunchScreen.storyboard;
			sourceTree = "<group>";
		};
/* End PBXVariantGroup section */

/* Begin XCBuildConfiguration section */
		0B6A4A8F2177B6B700495663 /* Debug */ = {
			isa = XCBuildConfiguration;
			buildSettings = {
				ALWAYS_SEARCH_USER_PATHS = NO;
				CLANG_ANALYZER_NONNULL = YES;
				CLANG_ANALYZER_NUMBER_OBJECT_CONVERSION = YES_AGGRESSIVE;
				CLANG_CXX_LANGUAGE_STANDARD = "gnu++14";
				CLANG_CXX_LIBRARY = "libc++";
				CLANG_ENABLE_MODULES = YES;
				CLANG_ENABLE_OBJC_ARC = YES;
				CLANG_ENABLE_OBJC_WEAK = YES;
				CLANG_WARN_BLOCK_CAPTURE_AUTORELEASING = YES;
				CLANG_WARN_BOOL_CONVERSION = YES;
				CLANG_WARN_COMMA = YES;
				CLANG_WARN_CONSTANT_CONVERSION = YES;
				CLANG_WARN_DEPRECATED_OBJC_IMPLEMENTATIONS = YES;
				CLANG_WARN_DIRECT_OBJC_ISA_USAGE = YES_ERROR;
				CLANG_WARN_DOCUMENTATION_COMMENTS = YES;
				CLANG_WARN_EMPTY_BODY = YES;
				CLANG_WARN_ENUM_CONVERSION = YES;
				CLANG_WARN_INFINITE_RECURSION = YES;
				CLANG_WARN_INT_CONVERSION = YES;
				CLANG_WARN_NON_LITERAL_NULL_CONVERSION = YES;
				CLANG_WARN_OBJC_IMPLICIT_RETAIN_SELF = YES;
				CLANG_WARN_OBJC_LITERAL_CONVERSION = YES;
				CLANG_WARN_OBJC_ROOT_CLASS = YES_ERROR;
				CLANG_WARN_RANGE_LOOP_ANALYSIS = YES;
				CLANG_WARN_STRICT_PROTOTYPES = YES;
				CLANG_WARN_SUSPICIOUS_MOVE = YES;
				CLANG_WARN_UNGUARDED_AVAILABILITY = YES_AGGRESSIVE;
				CLANG_WARN_UNREACHABLE_CODE = YES;
				CLANG_WARN__DUPLICATE_METHOD_MATCH = YES;
				CODE_SIGN_IDENTITY = "iPhone Developer";
				COPY_PHASE_STRIP = NO;
				DEBUG_INFORMATION_FORMAT = dwarf;
				ENABLE_STRICT_OBJC_MSGSEND = YES;
				ENABLE_TESTABILITY = YES;
				GCC_C_LANGUAGE_STANDARD = gnu11;
				GCC_DYNAMIC_NO_PIC = NO;
				GCC_NO_COMMON_BLOCKS = YES;
				GCC_OPTIMIZATION_LEVEL = 0;
				GCC_PREPROCESSOR_DEFINITIONS = (
					"DEBUG=1",
					"$(inherited)",
				);
				GCC_WARN_64_TO_32_BIT_CONVERSION = YES;
				GCC_WARN_ABOUT_RETURN_TYPE = YES_ERROR;
				GCC_WARN_UNDECLARED_SELECTOR = YES;
				GCC_WARN_UNINITIALIZED_AUTOS = YES_AGGRESSIVE;
				GCC_WARN_UNUSED_FUNCTION = YES;
				GCC_WARN_UNUSED_VARIABLE = YES;
				IPHONEOS_DEPLOYMENT_TARGET = 12.0;
				MTL_ENABLE_DEBUG_INFO = INCLUDE_SOURCE;
				MTL_FAST_MATH = YES;
				ONLY_ACTIVE_ARCH = YES;
				SDKROOT = iphoneos;
				SWIFT_ACTIVE_COMPILATION_CONDITIONS = DEBUG;
				SWIFT_OPTIMIZATION_LEVEL = "-Onone";
			};
			name = Debug;
		};
		0B6A4A902177B6B700495663 /* Release */ = {
			isa = XCBuildConfiguration;
			buildSettings = {
				ALWAYS_SEARCH_USER_PATHS = NO;
				CLANG_ANALYZER_NONNULL = YES;
				CLANG_ANALYZER_NUMBER_OBJECT_CONVERSION = YES_AGGRESSIVE;
				CLANG_CXX_LANGUAGE_STANDARD = "gnu++14";
				CLANG_CXX_LIBRARY = "libc++";
				CLANG_ENABLE_MODULES = YES;
				CLANG_ENABLE_OBJC_ARC = YES;
				CLANG_ENABLE_OBJC_WEAK = YES;
				CLANG_WARN_BLOCK_CAPTURE_AUTORELEASING = YES;
				CLANG_WARN_BOOL_CONVERSION = YES;
				CLANG_WARN_COMMA = YES;
				CLANG_WARN_CONSTANT_CONVERSION = YES;
				CLANG_WARN_DEPRECATED_OBJC_IMPLEMENTATIONS = YES;
				CLANG_WARN_DIRECT_OBJC_ISA_USAGE = YES_ERROR;
				CLANG_WARN_DOCUMENTATION_COMMENTS = YES;
				CLANG_WARN_EMPTY_BODY = YES;
				CLANG_WARN_ENUM_CONVERSION = YES;
				CLANG_WARN_INFINITE_RECURSION = YES;
				CLANG_WARN_INT_CONVERSION = YES;
				CLANG_WARN_NON_LITERAL_NULL_CONVERSION = YES;
				CLANG_WARN_OBJC_IMPLICIT_RETAIN_SELF = YES;
				CLANG_WARN_OBJC_LITERAL_CONVERSION = YES;
				CLANG_WARN_OBJC_ROOT_CLASS = YES_ERROR;
				CLANG_WARN_RANGE_LOOP_ANALYSIS = YES;
				CLANG_WARN_STRICT_PROTOTYPES = YES;
				CLANG_WARN_SUSPICIOUS_MOVE = YES;
				CLANG_WARN_UNGUARDED_AVAILABILITY = YES_AGGRESSIVE;
				CLANG_WARN_UNREACHABLE_CODE = YES;
				CLANG_WARN__DUPLICATE_METHOD_MATCH = YES;
				CODE_SIGN_IDENTITY = "iPhone Developer";
				COPY_PHASE_STRIP = NO;
				DEBUG_INFORMATION_FORMAT = "dwarf-with-dsym";
				ENABLE_NS_ASSERTIONS = NO;
				ENABLE_STRICT_OBJC_MSGSEND = YES;
				GCC_C_LANGUAGE_STANDARD = gnu11;
				GCC_NO_COMMON_BLOCKS = YES;
				GCC_WARN_64_TO_32_BIT_CONVERSION = YES;
				GCC_WARN_ABOUT_RETURN_TYPE = YES_ERROR;
				GCC_WARN_UNDECLARED_SELECTOR = YES;
				GCC_WARN_UNINITIALIZED_AUTOS = YES_AGGRESSIVE;
				GCC_WARN_UNUSED_FUNCTION = YES;
				GCC_WARN_UNUSED_VARIABLE = YES;
				IPHONEOS_DEPLOYMENT_TARGET = 12.0;
				MTL_ENABLE_DEBUG_INFO = NO;
				MTL_FAST_MATH = YES;
				SDKROOT = iphoneos;
				SWIFT_COMPILATION_MODE = wholemodule;
				SWIFT_OPTIMIZATION_LEVEL = "-O";
				VALIDATE_PRODUCT = YES;
			};
			name = Release;
		};
		0B6A4A922177B6B700495663 /* Debug */ = {
			isa = XCBuildConfiguration;
			baseConfigurationReference = 5A8E74F24664786BCBFC1FF6 /* Pods-piratesApp.debug.xcconfig */;
			buildSettings = {
				ASSETCATALOG_COMPILER_APPICON_NAME = AppIcon;
				CODE_SIGN_IDENTITY = "iPhone Developer";
				CODE_SIGN_STYLE = Automatic;
				DEVELOPMENT_TEAM = G7CYZFGRXM;
				INFOPLIST_FILE = piratesApp/Info.plist;
				IPHONEOS_DEPLOYMENT_TARGET = 11.4;
				LD_RUNPATH_SEARCH_PATHS = (
					"$(inherited)",
					"@executable_path/Frameworks",
				);
				PRODUCT_BUNDLE_IDENTIFIER = com.codycondon.piratesApp;
				PRODUCT_NAME = "$(TARGET_NAME)";
				PROVISIONING_PROFILE_SPECIFIER = "";
				SWIFT_VERSION = 4.2;
				TARGETED_DEVICE_FAMILY = "1,2";
			};
			name = Debug;
		};
		0B6A4A932177B6B700495663 /* Release */ = {
			isa = XCBuildConfiguration;
			baseConfigurationReference = 6844F7D98D4EBD60E4E48A14 /* Pods-piratesApp.release.xcconfig */;
			buildSettings = {
				ASSETCATALOG_COMPILER_APPICON_NAME = AppIcon;
				CODE_SIGN_IDENTITY = "iPhone Developer";
				CODE_SIGN_STYLE = Automatic;
				DEVELOPMENT_TEAM = G7CYZFGRXM;
				INFOPLIST_FILE = piratesApp/Info.plist;
				IPHONEOS_DEPLOYMENT_TARGET = 11.4;
				LD_RUNPATH_SEARCH_PATHS = (
					"$(inherited)",
					"@executable_path/Frameworks",
				);
				PRODUCT_BUNDLE_IDENTIFIER = com.codycondon.piratesApp;
				PRODUCT_NAME = "$(TARGET_NAME)";
				PROVISIONING_PROFILE_SPECIFIER = "";
				SWIFT_VERSION = 4.2;
				TARGETED_DEVICE_FAMILY = "1,2";
			};
			name = Release;
		};
		0B6A4A952177B6B700495663 /* Debug */ = {
			isa = XCBuildConfiguration;
			baseConfigurationReference = 2C098F674FEDDB7F893D64E7 /* Pods-piratesAppTests.debug.xcconfig */;
			buildSettings = {
				ALWAYS_EMBED_SWIFT_STANDARD_LIBRARIES = YES;
				BUNDLE_LOADER = "$(TEST_HOST)";
				CODE_SIGN_STYLE = Automatic;
				DEVELOPMENT_TEAM = G7CYZFGRXM;
				INFOPLIST_FILE = piratesAppTests/Info.plist;
				LD_RUNPATH_SEARCH_PATHS = (
					"$(inherited)",
					"@executable_path/Frameworks",
					"@loader_path/Frameworks",
				);
				PRODUCT_BUNDLE_IDENTIFIER = com.codycondon.piratesAppTests;
				PRODUCT_NAME = "$(TARGET_NAME)";
				SWIFT_VERSION = 4.2;
				TARGETED_DEVICE_FAMILY = "1,2";
				TEST_HOST = "$(BUILT_PRODUCTS_DIR)/piratesApp.app/piratesApp";
			};
			name = Debug;
		};
		0B6A4A962177B6B700495663 /* Release */ = {
			isa = XCBuildConfiguration;
			baseConfigurationReference = 6FB0F4FBB631CB569930C14B /* Pods-piratesAppTests.release.xcconfig */;
			buildSettings = {
				ALWAYS_EMBED_SWIFT_STANDARD_LIBRARIES = YES;
				BUNDLE_LOADER = "$(TEST_HOST)";
				CODE_SIGN_STYLE = Automatic;
				DEVELOPMENT_TEAM = G7CYZFGRXM;
				INFOPLIST_FILE = piratesAppTests/Info.plist;
				LD_RUNPATH_SEARCH_PATHS = (
					"$(inherited)",
					"@executable_path/Frameworks",
					"@loader_path/Frameworks",
				);
				PRODUCT_BUNDLE_IDENTIFIER = com.codycondon.piratesAppTests;
				PRODUCT_NAME = "$(TARGET_NAME)";
				SWIFT_VERSION = 4.2;
				TARGETED_DEVICE_FAMILY = "1,2";
				TEST_HOST = "$(BUILT_PRODUCTS_DIR)/piratesApp.app/piratesApp";
			};
			name = Release;
		};
		0B6A4A982177B6B700495663 /* Debug */ = {
			isa = XCBuildConfiguration;
			baseConfigurationReference = 6752F1F2B08931C62378F381 /* Pods-piratesAppUITests.debug.xcconfig */;
			buildSettings = {
				ALWAYS_EMBED_SWIFT_STANDARD_LIBRARIES = YES;
				CODE_SIGN_STYLE = Automatic;
				DEVELOPMENT_TEAM = G7CYZFGRXM;
				INFOPLIST_FILE = piratesAppUITests/Info.plist;
				LD_RUNPATH_SEARCH_PATHS = (
					"$(inherited)",
					"@executable_path/Frameworks",
					"@loader_path/Frameworks",
				);
				PRODUCT_BUNDLE_IDENTIFIER = com.codycondon.piratesAppUITests;
				PRODUCT_NAME = "$(TARGET_NAME)";
				SWIFT_VERSION = 4.2;
				TARGETED_DEVICE_FAMILY = "1,2";
				TEST_TARGET_NAME = piratesApp;
			};
			name = Debug;
		};
		0B6A4A992177B6B700495663 /* Release */ = {
			isa = XCBuildConfiguration;
			baseConfigurationReference = D69D0226D80E3918E8307A3A /* Pods-piratesAppUITests.release.xcconfig */;
			buildSettings = {
				ALWAYS_EMBED_SWIFT_STANDARD_LIBRARIES = YES;
				CODE_SIGN_STYLE = Automatic;
				DEVELOPMENT_TEAM = G7CYZFGRXM;
				INFOPLIST_FILE = piratesAppUITests/Info.plist;
				LD_RUNPATH_SEARCH_PATHS = (
					"$(inherited)",
					"@executable_path/Frameworks",
					"@loader_path/Frameworks",
				);
				PRODUCT_BUNDLE_IDENTIFIER = com.codycondon.piratesAppUITests;
				PRODUCT_NAME = "$(TARGET_NAME)";
				SWIFT_VERSION = 4.2;
				TARGETED_DEVICE_FAMILY = "1,2";
				TEST_TARGET_NAME = piratesApp;
			};
			name = Release;
		};
/* End XCBuildConfiguration section */

/* Begin XCConfigurationList section */
		0B6A4A612177B6B400495663 /* Build configuration list for PBXProject "piratesApp" */ = {
			isa = XCConfigurationList;
			buildConfigurations = (
				0B6A4A8F2177B6B700495663 /* Debug */,
				0B6A4A902177B6B700495663 /* Release */,
			);
			defaultConfigurationIsVisible = 0;
			defaultConfigurationName = Release;
		};
		0B6A4A912177B6B700495663 /* Build configuration list for PBXNativeTarget "piratesApp" */ = {
			isa = XCConfigurationList;
			buildConfigurations = (
				0B6A4A922177B6B700495663 /* Debug */,
				0B6A4A932177B6B700495663 /* Release */,
			);
			defaultConfigurationIsVisible = 0;
			defaultConfigurationName = Release;
		};
		0B6A4A942177B6B700495663 /* Build configuration list for PBXNativeTarget "piratesAppTests" */ = {
			isa = XCConfigurationList;
			buildConfigurations = (
				0B6A4A952177B6B700495663 /* Debug */,
				0B6A4A962177B6B700495663 /* Release */,
			);
			defaultConfigurationIsVisible = 0;
			defaultConfigurationName = Release;
		};
		0B6A4A972177B6B700495663 /* Build configuration list for PBXNativeTarget "piratesAppUITests" */ = {
			isa = XCConfigurationList;
			buildConfigurations = (
				0B6A4A982177B6B700495663 /* Debug */,
				0B6A4A992177B6B700495663 /* Release */,
			);
			defaultConfigurationIsVisible = 0;
			defaultConfigurationName = Release;
		};
/* End XCConfigurationList section */

/* Begin XCVersionGroup section */
		0B6A4A702177B6B500495663 /* piratesApp.xcdatamodeld */ = {
			isa = XCVersionGroup;
			children = (
				0B6A4A712177B6B500495663 /* piratesApp.xcdatamodel */,
			);
			currentVersion = 0B6A4A712177B6B500495663 /* piratesApp.xcdatamodel */;
			path = piratesApp.xcdatamodeld;
			sourceTree = "<group>";
			versionGroupType = wrapper.xcdatamodel;
		};
/* End XCVersionGroup section */
	};
	rootObject = 0B6A4A5E2177B6B400495663 /* Project object */;
}
